# THIS IS AN AUTOGENERATED FILE. DO NOT EDIT THIS FILE DIRECTLY.
# yarn lockfile v1


"@nomicfoundation/hardhat-toolbox@^5.0.0":
  version "5.0.0"
  resolved "https://registry.yarnpkg.com/@nomicfoundation/hardhat-toolbox/-/hardhat-toolbox-5.0.0.tgz#165b47f8a3d2bf668cc5d453ce7f496a1156948d"
  integrity sha512-FnUtUC5PsakCbwiVNsqlXVIWG5JIb5CEZoSXbJUsEBun22Bivx2jhF1/q9iQbzuaGpJKFQyOhemPB2+XlEE6pQ==

"@openzeppelin/contracts@^5.0.2":
  version "5.0.2"
  resolved "https://registry.yarnpkg.com/@openzeppelin/contracts/-/contracts-5.0.2.tgz#b1d03075e49290d06570b2fd42154d76c2a5d210"
  integrity sha512-ytPc6eLGcHHnapAZ9S+5qsdomhjo6QBHTDRRBFfTxXIpsicMhVPouPgmUPebZZZGX7vt9USA+Z+0M0dSVtSUEA==

dotenv@^16.4.5:
  version "16.4.5"
  resolved "https://registry.yarnpkg.com/dotenv/-/dotenv-16.4.5.tgz#cdd3b3b604cb327e286b4762e13502f717cb099f"
  integrity sha512-ZmdL2rui+eB2YwhsWzjInR8LldtZHGDoQ1ugH85ppHKwpUHL7j7rN0Ti9NCnGiQbhaZ11FpR+7ao1dNsmduNUg==
